
Microsoft Visual Studio Solution File, Format Version 12.00
# Visual Studio Version 17
VisualStudioVersion = 17.6.33829.357
MinimumVisualStudioVersion = 10.0.40219.1
Project("{FAE04EC0-301F-11D3-BF4B-00C04F79EFBC}") = "HSE_Bank", "HSE_Bank\HSE_Bank.csproj", "{A954C955-350A-4AB2-B061-5BC65A2AE1A8}"
EndProject
Project("{FAE04EC0-301F-11D3-BF4B-00C04F79EFBC}") = "HSE_Bank_Tests", "HSE_Bank_Tests\HSE_Bank_Tests.csproj", "{F6845ED4-0E0E-4FDF-A247-14141AAE05A5}"
EndProject
Global
	GlobalSection(SolutionConfigurationPlatforms) = preSolution
		Debug|Any CPU = Debug|Any CPU
		Release|Any CPU = Release|Any CPU
	EndGlobalSection
	GlobalSection(ProjectConfigurationPlatforms) = postSolution
		{A954C955-350A-4AB2-B061-5BC65A2AE1A8}.Debug|Any CPU.ActiveCfg = Debug|Any CPU
		{A954C955-350A-4AB2-B061-5BC65A2AE1A8}.Debug|Any CPU.Build.0 = Debug|Any CPU
		{A954C955-350A-4AB2-B061-5BC65A2AE1A8}.Release|Any CPU.ActiveCfg = Release|Any CPU
		{A954C955-350A-4AB2-B061-5BC65A2AE1A8}.Release|Any CPU.Build.0 = Release|Any CPU
		{F6845ED4-0E0E-4FDF-A247-14141AAE05A5}.Debug|Any CPU.ActiveCfg = Debug|Any CPU
		{F6845ED4-0E0E-4FDF-A247-14141AAE05A5}.Debug|Any CPU.Build.0 = Debug|Any CPU
		{F6845ED4-0E0E-4FDF-A247-14141AAE05A5}.Release|Any CPU.ActiveCfg = Release|Any CPU
		{F6845ED4-0E0E-4FDF-A247-14141AAE05A5}.Release|Any CPU.Build.0 = Release|Any CPU
	EndGlobalSection
	GlobalSection(SolutionProperties) = preSolution
		HideSolutionNode = FALSE
	EndGlobalSection
	GlobalSection(ExtensibilityGlobals) = postSolution
		SolutionGuid = {4B006D3B-A1C5-4CC9-8E8C-D3EF8F4811CC}
	EndGlobalSection
EndGlobal
